
Microsoft Visual Studio Solution File, Format Version 12.00
# Visual Studio Version 17
VisualStudioVersion = 17.3.32929.385
MinimumVisualStudioVersion = 10.0.40219.1
Project("{FAE04EC0-301F-11D3-BF4B-00C04F79EFBC}") = "QuanLy", "QuanLy\QuanLy.csproj", "{5E515E75-29D2-413C-8E5C-E8A425109296}"
EndProject
Global
	GlobalSection(SolutionConfigurationPlatforms) = preSolution
		Debug|Any CPU = Debug|Any CPU
		Release|Any CPU = Release|Any CPU
	EndGlobalSection
	GlobalSection(ProjectConfigurationPlatforms) = postSolution
		{5E515E75-29D2-413C-8E5C-E8A425109296}.Debug|Any CPU.ActiveCfg = Debug|Any CPU
		{5E515E75-29D2-413C-8E5C-E8A425109296}.Debug|Any CPU.Build.0 = Debug|Any CPU
		{5E515E75-29D2-413C-8E5C-E8A425109296}.Release|Any CPU.ActiveCfg = Release|Any CPU
		{5E515E75-29D2-413C-8E5C-E8A425109296}.Release|Any CPU.Build.0 = Release|Any CPU
	EndGlobalSection
	GlobalSection(SolutionProperties) = preSolution
		HideSolutionNode = FALSE
	EndGlobalSection
	GlobalSection(ExtensibilityGlobals) = postSolution
		SolutionGuid = {C3D4E67F-47D3-40FE-B197-1A3C79D0C5F1}
	EndGlobalSection
EndGlobal
